// !$*UTF8*$!
{
	archiveVersion = 1;
	classes = {
	};
	objectVersion = 77;
	objects = {

/* Begin PBXBuildFile section */
		A5408B792DB832BD005A57A9 /* StressLess Watch App.app in Embed Watch Content */ = {isa = PBXBuildFile; fileRef = A5408B782DB832BD005A57A9 /* StressLess Watch App.app */; settings = {ATTRIBUTES = (RemoveHeadersOnCopy, ); }; };
		A5408C2B2DB839C7005A57A9 /* FirebaseAuth in Frameworks */ = {isa = PBXBuildFile; productRef = A5408C2A2DB839C7005A57A9 /* FirebaseAuth */; };
		A5408C2D2DB839C7005A57A9 /* FirebaseCore in Frameworks */ = {isa = PBXBuildFile; productRef = A5408C2C2DB839C7005A57A9 /* FirebaseCore */; };
		A5408C2F2DB839C7005A57A9 /* FirebaseDatabase in Frameworks */ = {isa = PBXBuildFile; productRef = A5408C2E2DB839C7005A57A9 /* FirebaseDatabase */; };
		A5408C312DB839C7005A57A9 /* FirebaseFirestore in Frameworks */ = {isa = PBXBuildFile; productRef = A5408C302DB839C7005A57A9 /* FirebaseFirestore */; };
		A5408C332DB839C7005A57A9 /* FirebaseStorage in Frameworks */ = {isa = PBXBuildFile; productRef = A5408C322DB839C7005A57A9 /* FirebaseStorage */; };
		A5408C362DB839F2005A57A9 /* GoogleSignIn in Frameworks */ = {isa = PBXBuildFile; productRef = A5408C352DB839F2005A57A9 /* GoogleSignIn */; };
		A5408C382DB839F2005A57A9 /* GoogleSignInSwift in Frameworks */ = {isa = PBXBuildFile; productRef = A5408C372DB839F2005A57A9 /* GoogleSignInSwift */; };
/* End PBXBuildFile section */

/* Begin PBXContainerItemProxy section */
		A5408B7A2DB832BD005A57A9 /* PBXContainerItemProxy */ = {
			isa = PBXContainerItemProxy;
			containerPortal = A5408B602DB832BC005A57A9 /* Project object */;
			proxyType = 1;
			remoteGlobalIDString = A5408B772DB832BD005A57A9;
			remoteInfo = "StressLess Watch App";
		};
/* End PBXContainerItemProxy section */

/* Begin PBXCopyFilesBuildPhase section */
		A5408B8B2DB832BE005A57A9 /* Embed Watch Content */ = {
			isa = PBXCopyFilesBuildPhase;
			buildActionMask = 2147483647;
			dstPath = "$(CONTENTS_FOLDER_PATH)/Watch";
			dstSubfolderSpec = 16;
			files = (
				A5408B792DB832BD005A57A9 /* StressLess Watch App.app in Embed Watch Content */,
			);
			name = "Embed Watch Content";
			runOnlyForDeploymentPostprocessing = 0;
		};
/* End PBXCopyFilesBuildPhase section */

/* Begin PBXFileReference section */
		A5408B682DB832BC005A57A9 /* StressLess.app */ = {isa = PBXFileReference; explicitFileType = wrapper.application; includeInIndex = 0; path = StressLess.app; sourceTree = BUILT_PRODUCTS_DIR; };
		A5408B782DB832BD005A57A9 /* StressLess Watch App.app */ = {isa = PBXFileReference; explicitFileType = wrapper.application; includeInIndex = 0; path = "StressLess Watch App.app"; sourceTree = BUILT_PRODUCTS_DIR; };
/* End PBXFileReference section */

/* Begin PBXFileSystemSynchronizedBuildFileExceptionSet section */
		A5408C282DB8395A005A57A9 /* Exceptions for "StressLess" folder in "StressLess Watch App" target */ = {
			isa = PBXFileSystemSynchronizedBuildFileExceptionSet;
			membershipExceptions = (
				"GoogleService-Info.plist",
				Service/NotificationManager.swift,
				ViewModel/HeartRateViewModel.swift,
			);
			target = A5408B772DB832BD005A57A9 /* StressLess Watch App */;
		};
		C457BD3D2DBAF891002DB639 /* Exceptions for "StressLess" folder in "StressLess" target */ = {
			isa = PBXFileSystemSynchronizedBuildFileExceptionSet;
			membershipExceptions = (
				Info.plist,
			);
			target = A5408B672DB832BC005A57A9 /* StressLess */;
		};
/* End PBXFileSystemSynchronizedBuildFileExceptionSet section */

/* Begin PBXFileSystemSynchronizedRootGroup section */
		A5408B6A2DB832BC005A57A9 /* StressLess */ = {
			isa = PBXFileSystemSynchronizedRootGroup;
			exceptions = (
				C457BD3D2DBAF891002DB639 /* Exceptions for "StressLess" folder in "StressLess" target */,
				A5408C282DB8395A005A57A9 /* Exceptions for "StressLess" folder in "StressLess Watch App" target */,
			);
			path = StressLess;
			sourceTree = "<group>";
		};
		A5408B7C2DB832BD005A57A9 /* StressLess Watch App */ = {
			isa = PBXFileSystemSynchronizedRootGroup;
			path = "StressLess Watch App";
			sourceTree = "<group>";
		};
/* End PBXFileSystemSynchronizedRootGroup section */

/* Begin PBXFrameworksBuildPhase section */
		A5408B652DB832BC005A57A9 /* Frameworks */ = {
			isa = PBXFrameworksBuildPhase;
			buildActionMask = 2147483647;
			files = (
				A5408C2F2DB839C7005A57A9 /* FirebaseDatabase in Frameworks */,
				A5408C312DB839C7005A57A9 /* FirebaseFirestore in Frameworks */,
				A5408C382DB839F2005A57A9 /* GoogleSignInSwift in Frameworks */,
				A5408C2D2DB839C7005A57A9 /* FirebaseCore in Frameworks */,
				A5408C332DB839C7005A57A9 /* FirebaseStorage in Frameworks */,
				A5408C2B2DB839C7005A57A9 /* FirebaseAuth in Frameworks */,
				A5408C362DB839F2005A57A9 /* GoogleSignIn in Frameworks */,
			);
			runOnlyForDeploymentPostprocessing = 0;
		};
		A5408B752DB832BD005A57A9 /* Frameworks */ = {
			isa = PBXFrameworksBuildPhase;
			buildActionMask = 2147483647;
			files = (
			);
			runOnlyForDeploymentPostprocessing = 0;
		};
/* End PBXFrameworksBuildPhase section */

/* Begin PBXGroup section */
		A5408B5F2DB832BC005A57A9 = {
			isa = PBXGroup;
			children = (
				A5408B6A2DB832BC005A57A9 /* StressLess */,
				A5408B7C2DB832BD005A57A9 /* StressLess Watch App */,
				A5408B692DB832BC005A57A9 /* Products */,
			);
			sourceTree = "<group>";
		};
		A5408B692DB832BC005A57A9 /* Products */ = {
			isa = PBXGroup;
			children = (
				A5408B682DB832BC005A57A9 /* StressLess.app */,
				A5408B782DB832BD005A57A9 /* StressLess Watch App.app */,
			);
			name = Products;
			sourceTree = "<group>";
		};
/* End PBXGroup section */

/* Begin PBXNativeTarget section */
		A5408B672DB832BC005A57A9 /* StressLess */ = {
			isa = PBXNativeTarget;
			buildConfigurationList = A5408B8C2DB832BE005A57A9 /* Build configuration list for PBXNativeTarget "StressLess" */;
			buildPhases = (
				A5408B642DB832BC005A57A9 /* Sources */,
				A5408B652DB832BC005A57A9 /* Frameworks */,
				A5408B662DB832BC005A57A9 /* Resources */,
				A5408B8B2DB832BE005A57A9 /* Embed Watch Content */,
			);
			buildRules = (
			);
			dependencies = (
				A5408B7B2DB832BD005A57A9 /* PBXTargetDependency */,
			);
			fileSystemSynchronizedGroups = (
				A5408B6A2DB832BC005A57A9 /* StressLess */,
			);
			name = StressLess;
			packageProductDependencies = (
				A5408C2A2DB839C7005A57A9 /* FirebaseAuth */,
				A5408C2C2DB839C7005A57A9 /* FirebaseCore */,
				A5408C2E2DB839C7005A57A9 /* FirebaseDatabase */,
				A5408C302DB839C7005A57A9 /* FirebaseFirestore */,
				A5408C322DB839C7005A57A9 /* FirebaseStorage */,
				A5408C352DB839F2005A57A9 /* GoogleSignIn */,
				A5408C372DB839F2005A57A9 /* GoogleSignInSwift */,
			);
			productName = StressLess;
			productReference = A5408B682DB832BC005A57A9 /* StressLess.app */;
			productType = "com.apple.product-type.application";
		};
		A5408B772DB832BD005A57A9 /* StressLess Watch App */ = {
			isa = PBXNativeTarget;
			buildConfigurationList = A5408B882DB832BE005A57A9 /* Build configuration list for PBXNativeTarget "StressLess Watch App" */;
			buildPhases = (
				A5408B742DB832BD005A57A9 /* Sources */,
				A5408B752DB832BD005A57A9 /* Frameworks */,
				A5408B762DB832BD005A57A9 /* Resources */,
			);
			buildRules = (
			);
			dependencies = (
			);
			fileSystemSynchronizedGroups = (
				A5408B7C2DB832BD005A57A9 /* StressLess Watch App */,
			);
			name = "StressLess Watch App";
			packageProductDependencies = (
			);
			productName = "StressLess Watch App";
			productReference = A5408B782DB832BD005A57A9 /* StressLess Watch App.app */;
			productType = "com.apple.product-type.application";
		};
/* End PBXNativeTarget section */

/* Begin PBXProject section */
		A5408B602DB832BC005A57A9 /* Project object */ = {
			isa = PBXProject;
			attributes = {
				BuildIndependentTargetsInParallel = 1;
				LastSwiftUpdateCheck = 1620;
				LastUpgradeCheck = 1620;
				TargetAttributes = {
					A5408B672DB832BC005A57A9 = {
						CreatedOnToolsVersion = 16.2;
					};
					A5408B772DB832BD005A57A9 = {
						CreatedOnToolsVersion = 16.2;
					};
				};
			};
			buildConfigurationList = A5408B632DB832BC005A57A9 /* Build configuration list for PBXProject "StressLess" */;
			developmentRegion = en;
			hasScannedForEncodings = 0;
			knownRegions = (
				en,
				Base,
			);
			mainGroup = A5408B5F2DB832BC005A57A9;
			minimizedProjectReferenceProxies = 1;
			packageReferences = (
				A5408C292DB839C7005A57A9 /* XCRemoteSwiftPackageReference "firebase-ios-sdk" */,
				A5408C342DB839F2005A57A9 /* XCRemoteSwiftPackageReference "GoogleSignIn-iOS" */,
			);
			preferredProjectObjectVersion = 77;
			productRefGroup = A5408B692DB832BC005A57A9 /* Products */;
			projectDirPath = "";
			projectRoot = "";
			targets = (
				A5408B672DB832BC005A57A9 /* StressLess */,
				A5408B772DB832BD005A57A9 /* StressLess Watch App */,
			);
		};
/* End PBXProject section */

/* Begin PBXResourcesBuildPhase section */
		A5408B662DB832BC005A57A9 /* Resources */ = {
			isa = PBXResourcesBuildPhase;
			buildActionMask = 2147483647;
			files = (
			);
			runOnlyForDeploymentPostprocessing = 0;
		};
		A5408B762DB832BD005A57A9 /* Resources */ = {
			isa = PBXResourcesBuildPhase;
			buildActionMask = 2147483647;
			files = (
			);
			runOnlyForDeploymentPostprocessing = 0;
		};
/* End PBXResourcesBuildPhase section */

/* Begin PBXSourcesBuildPhase section */
		A5408B642DB832BC005A57A9 /* Sources */ = {
			isa = PBXSourcesBuildPhase;
			buildActionMask = 2147483647;
			files = (
			);
			runOnlyForDeploymentPostprocessing = 0;
		};
		A5408B742DB832BD005A57A9 /* Sources */ = {
			isa = PBXSourcesBuildPhase;
			buildActionMask = 2147483647;
			files = (
			);
			runOnlyForDeploymentPostprocessing = 0;
		};
/* End PBXSourcesBuildPhase section */

/* Begin PBXTargetDependency section */
		A5408B7B2DB832BD005A57A9 /* PBXTargetDependency */ = {
			isa = PBXTargetDependency;
			target = A5408B772DB832BD005A57A9 /* StressLess Watch App */;
			targetProxy = A5408B7A2DB832BD005A57A9 /* PBXContainerItemProxy */;
		};
/* End PBXTargetDependency section */

/* Begin XCBuildConfiguration section */
		A5408B862DB832BE005A57A9 /* Debug */ = {
			isa = XCBuildConfiguration;
			buildSettings = {
				ALWAYS_SEARCH_USER_PATHS = NO;
				ASSETCATALOG_COMPILER_GENERATE_SWIFT_ASSET_SYMBOL_EXTENSIONS = YES;
				CLANG_ANALYZER_NONNULL = YES;
				CLANG_ANALYZER_NUMBER_OBJECT_CONVERSION = YES_AGGRESSIVE;
				CLANG_CXX_LANGUAGE_STANDARD = "gnu++20";
				CLANG_ENABLE_MODULES = YES;
				CLANG_ENABLE_OBJC_ARC = YES;
				CLANG_ENABLE_OBJC_WEAK = YES;
				CLANG_WARN_BLOCK_CAPTURE_AUTORELEASING = YES;
				CLANG_WARN_BOOL_CONVERSION = YES;
				CLANG_WARN_COMMA = YES;
				CLANG_WARN_CONSTANT_CONVERSION = YES;
				CLANG_WARN_DEPRECATED_OBJC_IMPLEMENTATIONS = YES;
				CLANG_WARN_DIRECT_OBJC_ISA_USAGE = YES_ERROR;
				CLANG_WARN_DOCUMENTATION_COMMENTS = YES;
				CLANG_WARN_EMPTY_BODY = YES;
				CLANG_WARN_ENUM_CONVERSION = YES;
				CLANG_WARN_INFINITE_RECURSION = YES;
				CLANG_WARN_INT_CONVERSION = YES;
				CLANG_WARN_NON_LITERAL_NULL_CONVERSION = YES;
				CLANG_WARN_OBJC_IMPLICIT_RETAIN_SELF = YES;
				CLANG_WARN_OBJC_LITERAL_CONVERSION = YES;
				CLANG_WARN_OBJC_ROOT_CLASS = YES_ERROR;
				CLANG_WARN_QUOTED_INCLUDE_IN_FRAMEWORK_HEADER = YES;
				CLANG_WARN_RANGE_LOOP_ANALYSIS = YES;
				CLANG_WARN_STRICT_PROTOTYPES = YES;
				CLANG_WARN_SUSPICIOUS_MOVE = YES;
				CLANG_WARN_UNGUARDED_AVAILABILITY = YES_AGGRESSIVE;
				CLANG_WARN_UNREACHABLE_CODE = YES;
				CLANG_WARN__DUPLICATE_METHOD_MATCH = YES;
				COPY_PHASE_STRIP = NO;
				DEBUG_INFORMATION_FORMAT = dwarf;
				ENABLE_STRICT_OBJC_MSGSEND = YES;
				ENABLE_TESTABILITY = YES;
				ENABLE_USER_SCRIPT_SANDBOXING = YES;
				GCC_C_LANGUAGE_STANDARD = gnu17;
				GCC_DYNAMIC_NO_PIC = NO;
				GCC_NO_COMMON_BLOCKS = YES;
				GCC_OPTIMIZATION_LEVEL = 0;
				GCC_PREPROCESSOR_DEFINITIONS = (
					"DEBUG=1",
					"$(inherited)",
				);
				GCC_WARN_64_TO_32_BIT_CONVERSION = YES;
				GCC_WARN_ABOUT_RETURN_TYPE = YES_ERROR;
				GCC_WARN_UNDECLARED_SELECTOR = YES;
				GCC_WARN_UNINITIALIZED_AUTOS = YES_AGGRESSIVE;
				GCC_WARN_UNUSED_FUNCTION = YES;
				GCC_WARN_UNUSED_VARIABLE = YES;
				LOCALIZATION_PREFERS_STRING_CATALOGS = YES;
				MTL_ENABLE_DEBUG_INFO = INCLUDE_SOURCE;
				MTL_FAST_MATH = YES;
				ONLY_ACTIVE_ARCH = YES;
				SWIFT_ACTIVE_COMPILATION_CONDITIONS = "DEBUG $(inherited)";
				SWIFT_OPTIMIZATION_LEVEL = "-Onone";
			};
			name = Debug;
		};
		A5408B872DB832BE005A57A9 /* Release */ = {
			isa = XCBuildConfiguration;
			buildSettings = {
				ALWAYS_SEARCH_USER_PATHS = NO;
				ASSETCATALOG_COMPILER_GENERATE_SWIFT_ASSET_SYMBOL_EXTENSIONS = YES;
				CLANG_ANALYZER_NONNULL = YES;
				CLANG_ANALYZER_NUMBER_OBJECT_CONVERSION = YES_AGGRESSIVE;
				CLANG_CXX_LANGUAGE_STANDARD = "gnu++20";
				CLANG_ENABLE_MODULES = YES;
				CLANG_ENABLE_OBJC_ARC = YES;
				CLANG_ENABLE_OBJC_WEAK = YES;
				CLANG_WARN_BLOCK_CAPTURE_AUTORELEASING = YES;
				CLANG_WARN_BOOL_CONVERSION = YES;
				CLANG_WARN_COMMA = YES;
				CLANG_WARN_CONSTANT_CONVERSION = YES;
				CLANG_WARN_DEPRECATED_OBJC_IMPLEMENTATIONS = YES;
				CLANG_WARN_DIRECT_OBJC_ISA_USAGE = YES_ERROR;
				CLANG_WARN_DOCUMENTATION_COMMENTS = YES;
				CLANG_WARN_EMPTY_BODY = YES;
				CLANG_WARN_ENUM_CONVERSION = YES;
				CLANG_WARN_INFINITE_RECURSION = YES;
				CLANG_WARN_INT_CONVERSION = YES;
				CLANG_WARN_NON_LITERAL_NULL_CONVERSION = YES;
				CLANG_WARN_OBJC_IMPLICIT_RETAIN_SELF = YES;
				CLANG_WARN_OBJC_LITERAL_CONVERSION = YES;
				CLANG_WARN_OBJC_ROOT_CLASS = YES_ERROR;
				CLANG_WARN_QUOTED_INCLUDE_IN_FRAMEWORK_HEADER = YES;
				CLANG_WARN_RANGE_LOOP_ANALYSIS = YES;
				CLANG_WARN_STRICT_PROTOTYPES = YES;
				CLANG_WARN_SUSPICIOUS_MOVE = YES;
				CLANG_WARN_UNGUARDED_AVAILABILITY = YES_AGGRESSIVE;
				CLANG_WARN_UNREACHABLE_CODE = YES;
				CLANG_WARN__DUPLICATE_METHOD_MATCH = YES;
				COPY_PHASE_STRIP = NO;
				DEBUG_INFORMATION_FORMAT = "dwarf-with-dsym";
				ENABLE_NS_ASSERTIONS = NO;
				ENABLE_STRICT_OBJC_MSGSEND = YES;
				ENABLE_USER_SCRIPT_SANDBOXING = YES;
				GCC_C_LANGUAGE_STANDARD = gnu17;
				GCC_NO_COMMON_BLOCKS = YES;
				GCC_WARN_64_TO_32_BIT_CONVERSION = YES;
				GCC_WARN_ABOUT_RETURN_TYPE = YES_ERROR;
				GCC_WARN_UNDECLARED_SELECTOR = YES;
				GCC_WARN_UNINITIALIZED_AUTOS = YES_AGGRESSIVE;
				GCC_WARN_UNUSED_FUNCTION = YES;
				GCC_WARN_UNUSED_VARIABLE = YES;
				LOCALIZATION_PREFERS_STRING_CATALOGS = YES;
				MTL_ENABLE_DEBUG_INFO = NO;
				MTL_FAST_MATH = YES;
				SWIFT_COMPILATION_MODE = wholemodule;
			};
			name = Release;
		};
		A5408B892DB832BE005A57A9 /* Debug */ = {
			isa = XCBuildConfiguration;
			buildSettings = {
				ASSETCATALOG_COMPILER_APPICON_NAME = AppIcon;
				ASSETCATALOG_COMPILER_GLOBAL_ACCENT_COLOR_NAME = AccentColor;
				CODE_SIGN_ENTITLEMENTS = "StressLess Watch App/StressLess Watch App.entitlements";
				CODE_SIGN_STYLE = Automatic;
				CURRENT_PROJECT_VERSION = 1;
				DEVELOPMENT_ASSET_PATHS = "\"StressLess Watch App/Preview Content\"";
				DEVELOPMENT_TEAM = 9TPA5PBLX8;
				ENABLE_PREVIEWS = YES;
				GENERATE_INFOPLIST_FILE = YES;
				INFOPLIST_KEY_CFBundleDisplayName = StressLess;
				INFOPLIST_KEY_NSHealthShareUsageDescription = "To read the health data and show in application";
				INFOPLIST_KEY_UISupportedInterfaceOrientations = "UIInterfaceOrientationPortrait UIInterfaceOrientationPortraitUpsideDown";
				INFOPLIST_KEY_WKCompanionAppBundleIdentifier = lmu.serenity.StressLess;
				LD_RUNPATH_SEARCH_PATHS = (
					"$(inherited)",
					"@executable_path/Frameworks",
				);
				MARKETING_VERSION = 1.0;
				PRODUCT_BUNDLE_IDENTIFIER = lmu.serenity.StressLess.watchkitapp;
				PRODUCT_NAME = "$(TARGET_NAME)";
				SDKROOT = watchos;
				SKIP_INSTALL = YES;
				SWIFT_EMIT_LOC_STRINGS = YES;
				SWIFT_VERSION = 5.0;
				TARGETED_DEVICE_FAMILY = 4;
				WATCHOS_DEPLOYMENT_TARGET = 11.2;
			};
			name = Debug;
		};
		A5408B8A2DB832BE005A57A9 /* Release */ = {
			isa = XCBuildConfiguration;
			buildSettings = {
				ASSETCATALOG_COMPILER_APPICON_NAME = AppIcon;
				ASSETCATALOG_COMPILER_GLOBAL_ACCENT_COLOR_NAME = AccentColor;
				CODE_SIGN_ENTITLEMENTS = "StressLess Watch App/StressLess Watch App.entitlements";
				CODE_SIGN_STYLE = Automatic;
				CURRENT_PROJECT_VERSION = 1;
				DEVELOPMENT_ASSET_PATHS = "\"StressLess Watch App/Preview Content\"";
				DEVELOPMENT_TEAM = 9TPA5PBLX8;
				ENABLE_PREVIEWS = YES;
				GENERATE_INFOPLIST_FILE = YES;
				INFOPLIST_KEY_CFBundleDisplayName = StressLess;
				INFOPLIST_KEY_NSHealthShareUsageDescription = "To read the health data and show in application";
				INFOPLIST_KEY_UISupportedInterfaceOrientations = "UIInterfaceOrientationPortrait UIInterfaceOrientationPortraitUpsideDown";
				INFOPLIST_KEY_WKCompanionAppBundleIdentifier = lmu.serenity.StressLess;
				LD_RUNPATH_SEARCH_PATHS = (
					"$(inherited)",
					"@executable_path/Frameworks",
				);
				MARKETING_VERSION = 1.0;
				PRODUCT_BUNDLE_IDENTIFIER = lmu.serenity.StressLess.watchkitapp;
				PRODUCT_NAME = "$(TARGET_NAME)";
				SDKROOT = watchos;
				SKIP_INSTALL = YES;
				SWIFT_EMIT_LOC_STRINGS = YES;
				SWIFT_VERSION = 5.0;
				TARGETED_DEVICE_FAMILY = 4;
				VALIDATE_PRODUCT = YES;
				WATCHOS_DEPLOYMENT_TARGET = 11.2;
			};
			name = Release;
		};
		A5408B8D2DB832BE005A57A9 /* Debug */ = {
			isa = XCBuildConfiguration;
			buildSettings = {
				ASSETCATALOG_COMPILER_APPICON_NAME = AppIcon;
				ASSETCATALOG_COMPILER_GLOBAL_ACCENT_COLOR_NAME = AccentColor;
				CODE_SIGN_ENTITLEMENTS = StressLess/StressLess.entitlements;
				CODE_SIGN_STYLE = Automatic;
				CURRENT_PROJECT_VERSION = 1;
				DEVELOPMENT_ASSET_PATHS = "\"StressLess/Preview Content\"";
				DEVELOPMENT_TEAM = 9TPA5PBLX8;
				ENABLE_PREVIEWS = YES;
				GENERATE_INFOPLIST_FILE = YES;
				INFOPLIST_FILE = StressLess/Info.plist;
				INFOPLIST_KEY_CFBundleDisplayName = StressLess;
				INFOPLIST_KEY_NSHealthShareUsageDescription = "StressLess needs to access your heart rate and heart rate variability in order to monitor stress levels and provide relevant insights.";
				INFOPLIST_KEY_UIApplicationSceneManifest_Generation = YES;
				INFOPLIST_KEY_UIApplicationSupportsIndirectInputEvents = YES;
				INFOPLIST_KEY_UILaunchScreen_Generation = YES;
				INFOPLIST_KEY_UISupportedInterfaceOrientations_iPad = "UIInterfaceOrientationPortrait UIInterfaceOrientationPortraitUpsideDown UIInterfaceOrientationLandscapeLeft UIInterfaceOrientationLandscapeRight";
				INFOPLIST_KEY_UISupportedInterfaceOrientations_iPhone = "UIInterfaceOrientationPortrait UIInterfaceOrientationLandscapeLeft UIInterfaceOrientationLandscapeRight";
				IPHONEOS_DEPLOYMENT_TARGET = 18.2;
				LD_RUNPATH_SEARCH_PATHS = (
					"$(inherited)",
					"@executable_path/Frameworks",
				);
				MARKETING_VERSION = 1.0;
				PRODUCT_BUNDLE_IDENTIFIER = lmu.serenity.StressLess;
				PRODUCT_NAME = "$(TARGET_NAME)";
				SDKROOT = iphoneos;
				SWIFT_EMIT_LOC_STRINGS = YES;
				SWIFT_VERSION = 5.0;
				TARGETED_DEVICE_FAMILY = "1,2";
			};
			name = Debug;
		};
		A5408B8E2DB832BE005A57A9 /* Release */ = {
			isa = XCBuildConfiguration;
			buildSettings = {
				ASSETCATALOG_COMPILER_APPICON_NAME = AppIcon;
				ASSETCATALOG_COMPILER_GLOBAL_ACCENT_COLOR_NAME = AccentColor;
				CODE_SIGN_ENTITLEMENTS = StressLess/StressLess.entitlements;
				CODE_SIGN_STYLE = Automatic;
				CURRENT_PROJECT_VERSION = 1;
				DEVELOPMENT_ASSET_PATHS = "\"StressLess/Preview Content\"";
				DEVELOPMENT_TEAM = 9TPA5PBLX8;
				ENABLE_PREVIEWS = YES;
				GENERATE_INFOPLIST_FILE = YES;
				INFOPLIST_FILE = StressLess/Info.plist;
				INFOPLIST_KEY_CFBundleDisplayName = StressLess;
				INFOPLIST_KEY_NSHealthShareUsageDescription = "To read the health data and show in application";
				INFOPLIST_KEY_UIApplicationSceneManifest_Generation = YES;
				INFOPLIST_KEY_UIApplicationSupportsIndirectInputEvents = YES;
				INFOPLIST_KEY_UILaunchScreen_Generation = YES;
				INFOPLIST_KEY_UISupportedInterfaceOrientations_iPad = "UIInterfaceOrientationPortrait UIInterfaceOrientationPortraitUpsideDown UIInterfaceOrientationLandscapeLeft UIInterfaceOrientationLandscapeRight";
				INFOPLIST_KEY_UISupportedInterfaceOrientations_iPhone = "UIInterfaceOrientationPortrait UIInterfaceOrientationLandscapeLeft UIInterfaceOrientationLandscapeRight";
				IPHONEOS_DEPLOYMENT_TARGET = 18.2;
				LD_RUNPATH_SEARCH_PATHS = (
					"$(inherited)",
					"@executable_path/Frameworks",
				);
				MARKETING_VERSION = 1.0;
				PRODUCT_BUNDLE_IDENTIFIER = lmu.serenity.StressLess;
				PRODUCT_NAME = "$(TARGET_NAME)";
				SDKROOT = iphoneos;
				SWIFT_EMIT_LOC_STRINGS = YES;
				SWIFT_VERSION = 5.0;
				TARGETED_DEVICE_FAMILY = "1,2";
				VALIDATE_PRODUCT = YES;
			};
			name = Release;
		};
/* End XCBuildConfiguration section */

/* Begin XCConfigurationList section */
		A5408B632DB832BC005A57A9 /* Build configuration list for PBXProject "StressLess" */ = {
			isa = XCConfigurationList;
			buildConfigurations = (
				A5408B862DB832BE005A57A9 /* Debug */,
				A5408B872DB832BE005A57A9 /* Release */,
			);
			defaultConfigurationIsVisible = 0;
			defaultConfigurationName = Release;
		};
		A5408B882DB832BE005A57A9 /* Build configuration list for PBXNativeTarget "StressLess Watch App" */ = {
			isa = XCConfigurationList;
			buildConfigurations = (
				A5408B892DB832BE005A57A9 /* Debug */,
				A5408B8A2DB832BE005A57A9 /* Release */,
			);
			defaultConfigurationIsVisible = 0;
			defaultConfigurationName = Release;
		};
		A5408B8C2DB832BE005A57A9 /* Build configuration list for PBXNativeTarget "StressLess" */ = {
			isa = XCConfigurationList;
			buildConfigurations = (
				A5408B8D2DB832BE005A57A9 /* Debug */,
				A5408B8E2DB832BE005A57A9 /* Release */,
			);
			defaultConfigurationIsVisible = 0;
			defaultConfigurationName = Release;
		};
/* End XCConfigurationList section */

/* Begin XCRemoteSwiftPackageReference section */
		A5408C292DB839C7005A57A9 /* XCRemoteSwiftPackageReference "firebase-ios-sdk" */ = {
			isa = XCRemoteSwiftPackageReference;
			repositoryURL = "https://github.com/firebase/firebase-ios-sdk.git";
			requirement = {
				kind = upToNextMajorVersion;
				minimumVersion = 11.12.0;
			};
		};
		A5408C342DB839F2005A57A9 /* XCRemoteSwiftPackageReference "GoogleSignIn-iOS" */ = {
			isa = XCRemoteSwiftPackageReference;
			repositoryURL = "https://github.com/google/GoogleSignIn-iOS";
			requirement = {
				kind = upToNextMajorVersion;
				minimumVersion = 8.0.0;
			};
		};
/* End XCRemoteSwiftPackageReference section */

/* Begin XCSwiftPackageProductDependency section */
		A5408C2A2DB839C7005A57A9 /* FirebaseAuth */ = {
			isa = XCSwiftPackageProductDependency;
			package = A5408C292DB839C7005A57A9 /* XCRemoteSwiftPackageReference "firebase-ios-sdk" */;
			productName = FirebaseAuth;
		};
		A5408C2C2DB839C7005A57A9 /* FirebaseCore */ = {
			isa = XCSwiftPackageProductDependency;
			package = A5408C292DB839C7005A57A9 /* XCRemoteSwiftPackageReference "firebase-ios-sdk" */;
			productName = FirebaseCore;
		};
		A5408C2E2DB839C7005A57A9 /* FirebaseDatabase */ = {
			isa = XCSwiftPackageProductDependency;
			package = A5408C292DB839C7005A57A9 /* XCRemoteSwiftPackageReference "firebase-ios-sdk" */;
			productName = FirebaseDatabase;
		};
		A5408C302DB839C7005A57A9 /* FirebaseFirestore */ = {
			isa = XCSwiftPackageProductDependency;
			package = A5408C292DB839C7005A57A9 /* XCRemoteSwiftPackageReference "firebase-ios-sdk" */;
			productName = FirebaseFirestore;
		};
		A5408C322DB839C7005A57A9 /* FirebaseStorage */ = {
			isa = XCSwiftPackageProductDependency;
			package = A5408C292DB839C7005A57A9 /* XCRemoteSwiftPackageReference "firebase-ios-sdk" */;
			productName = FirebaseStorage;
		};
		A5408C352DB839F2005A57A9 /* GoogleSignIn */ = {
			isa = XCSwiftPackageProductDependency;
			package = A5408C342DB839F2005A57A9 /* XCRemoteSwiftPackageReference "GoogleSignIn-iOS" */;
			productName = GoogleSignIn;
		};
		A5408C372DB839F2005A57A9 /* GoogleSignInSwift */ = {
			isa = XCSwiftPackageProductDependency;
			package = A5408C342DB839F2005A57A9 /* XCRemoteSwiftPackageReference "GoogleSignIn-iOS" */;
			productName = GoogleSignInSwift;
		};
/* End XCSwiftPackageProductDependency section */
	};
	rootObject = A5408B602DB832BC005A57A9 /* Project object */;
}
